
Microsoft Visual Studio Solution File, Format Version 12.00
# Visual Studio Version 17
VisualStudioVersion = 17.5.33627.172
MinimumVisualStudioVersion = 10.0.40219.1
Project("{FAE04EC0-301F-11D3-BF4B-00C04F79EFBC}") = "Proyecto Final Desarrollo Web 2", "Proyecto Final Desarrollo Web 2\Proyecto Final Desarrollo Web 2.csproj", "{BB0168BE-F3FE-450A-9FFE-3F93AE12E17D}"
EndProject
Project("{FAE04EC0-301F-11D3-BF4B-00C04F79EFBC}") = "AccesoDeDatosD", "AccesoDeDatosD\AccesoDeDatosD.csproj", "{610E2249-DC3A-4C28-8106-4EF5F1E88CD6}"
EndProject
Project("{FAE04EC0-301F-11D3-BF4B-00C04F79EFBC}") = "EntidadesE", "EntidadesE\EntidadesE.csproj", "{AB1744C1-4A5F-4FF7-8548-C4F129E69F9F}"
EndProject
Project("{FAE04EC0-301F-11D3-BF4B-00C04F79EFBC}") = "NegocioN", "NegocioN\NegocioN.csproj", "{23A66DE7-5E84-47EB-B3F4-BDEFA04CB439}"
EndProject
Global
	GlobalSection(SolutionConfigurationPlatforms) = preSolution
		Debug|Any CPU = Debug|Any CPU
		Release|Any CPU = Release|Any CPU
	EndGlobalSection
	GlobalSection(ProjectConfigurationPlatforms) = postSolution
		{BB0168BE-F3FE-450A-9FFE-3F93AE12E17D}.Debug|Any CPU.ActiveCfg = Debug|Any CPU
		{BB0168BE-F3FE-450A-9FFE-3F93AE12E17D}.Debug|Any CPU.Build.0 = Debug|Any CPU
		{BB0168BE-F3FE-450A-9FFE-3F93AE12E17D}.Release|Any CPU.ActiveCfg = Release|Any CPU
		{BB0168BE-F3FE-450A-9FFE-3F93AE12E17D}.Release|Any CPU.Build.0 = Release|Any CPU
		{610E2249-DC3A-4C28-8106-4EF5F1E88CD6}.Debug|Any CPU.ActiveCfg = Debug|Any CPU
		{610E2249-DC3A-4C28-8106-4EF5F1E88CD6}.Debug|Any CPU.Build.0 = Debug|Any CPU
		{610E2249-DC3A-4C28-8106-4EF5F1E88CD6}.Release|Any CPU.ActiveCfg = Release|Any CPU
		{610E2249-DC3A-4C28-8106-4EF5F1E88CD6}.Release|Any CPU.Build.0 = Release|Any CPU
		{AB1744C1-4A5F-4FF7-8548-C4F129E69F9F}.Debug|Any CPU.ActiveCfg = Debug|Any CPU
		{AB1744C1-4A5F-4FF7-8548-C4F129E69F9F}.Debug|Any CPU.Build.0 = Debug|Any CPU
		{AB1744C1-4A5F-4FF7-8548-C4F129E69F9F}.Release|Any CPU.ActiveCfg = Release|Any CPU
		{AB1744C1-4A5F-4FF7-8548-C4F129E69F9F}.Release|Any CPU.Build.0 = Release|Any CPU
		{23A66DE7-5E84-47EB-B3F4-BDEFA04CB439}.Debug|Any CPU.ActiveCfg = Debug|Any CPU
		{23A66DE7-5E84-47EB-B3F4-BDEFA04CB439}.Debug|Any CPU.Build.0 = Debug|Any CPU
		{23A66DE7-5E84-47EB-B3F4-BDEFA04CB439}.Release|Any CPU.ActiveCfg = Release|Any CPU
		{23A66DE7-5E84-47EB-B3F4-BDEFA04CB439}.Release|Any CPU.Build.0 = Release|Any CPU
	EndGlobalSection
	GlobalSection(SolutionProperties) = preSolution
		HideSolutionNode = FALSE
	EndGlobalSection
	GlobalSection(ExtensibilityGlobals) = postSolution
		SolutionGuid = {D3F32DB8-390A-47C6-BC7F-7703247D54B0}
	EndGlobalSection
EndGlobal
